
Microsoft Visual Studio Solution File, Format Version 12.00
# Visual Studio Version 16
VisualStudioVersion = 16.0.31019.35
MinimumVisualStudioVersion = 10.0.40219.1
Project("{00D1A9C2-B5F0-4AF3-8072-F6C62B433612}") = "Database1", "Database1\Database1.sqlproj", "{CF11962B-7624-4E37-9288-148E7262ECEB}"
EndProject
Global
	GlobalSection(SolutionConfigurationPlatforms) = preSolution
		Debug|Any CPU = Debug|Any CPU
		Release|Any CPU = Release|Any CPU
	EndGlobalSection
	GlobalSection(ProjectConfigurationPlatforms) = postSolution
		{CF11962B-7624-4E37-9288-148E7262ECEB}.Debug|Any CPU.ActiveCfg = Debug|Any CPU
		{CF11962B-7624-4E37-9288-148E7262ECEB}.Debug|Any CPU.Build.0 = Debug|Any CPU
		{CF11962B-7624-4E37-9288-148E7262ECEB}.Debug|Any CPU.Deploy.0 = Debug|Any CPU
		{CF11962B-7624-4E37-9288-148E7262ECEB}.Release|Any CPU.ActiveCfg = Release|Any CPU
		{CF11962B-7624-4E37-9288-148E7262ECEB}.Release|Any CPU.Build.0 = Release|Any CPU
		{CF11962B-7624-4E37-9288-148E7262ECEB}.Release|Any CPU.Deploy.0 = Release|Any CPU
	EndGlobalSection
	GlobalSection(SolutionProperties) = preSolution
		HideSolutionNode = FALSE
	EndGlobalSection
	GlobalSection(ExtensibilityGlobals) = postSolution
		SolutionGuid = {91C92B83-656E-454C-A472-2083351B8711}
	EndGlobalSection
EndGlobal
